
Microsoft Visual Studio Solution File, Format Version 12.00
# Visual Studio Version 17
VisualStudioVersion = 17.4.33213.308
MinimumVisualStudioVersion = 10.0.40219.1
Project("{FAE04EC0-301F-11D3-BF4B-00C04F79EFBC}") = "Crematory", "Crematory.csproj", "{9E054CB5-6B26-4207-AC12-85E8094E32B6}"
EndProject
Project("{FAE04EC0-301F-11D3-BF4B-00C04F79EFBC}") = "Crematory_logic", "..\Crematory_logic\Crematory_logic.csproj", "{AB6C9072-96C5-414E-8209-AFE701FAD37C}"
EndProject
Global
	GlobalSection(SolutionConfigurationPlatforms) = preSolution
		Debug|Any CPU = Debug|Any CPU
		Release|Any CPU = Release|Any CPU
	EndGlobalSection
	GlobalSection(ProjectConfigurationPlatforms) = postSolution
		{9E054CB5-6B26-4207-AC12-85E8094E32B6}.Debug|Any CPU.ActiveCfg = Debug|Any CPU
		{9E054CB5-6B26-4207-AC12-85E8094E32B6}.Debug|Any CPU.Build.0 = Debug|Any CPU
		{9E054CB5-6B26-4207-AC12-85E8094E32B6}.Release|Any CPU.ActiveCfg = Release|Any CPU
		{9E054CB5-6B26-4207-AC12-85E8094E32B6}.Release|Any CPU.Build.0 = Release|Any CPU
		{AB6C9072-96C5-414E-8209-AFE701FAD37C}.Debug|Any CPU.ActiveCfg = Debug|Any CPU
		{AB6C9072-96C5-414E-8209-AFE701FAD37C}.Debug|Any CPU.Build.0 = Debug|Any CPU
		{AB6C9072-96C5-414E-8209-AFE701FAD37C}.Release|Any CPU.ActiveCfg = Release|Any CPU
		{AB6C9072-96C5-414E-8209-AFE701FAD37C}.Release|Any CPU.Build.0 = Release|Any CPU
	EndGlobalSection
	GlobalSection(SolutionProperties) = preSolution
		HideSolutionNode = FALSE
	EndGlobalSection
	GlobalSection(ExtensibilityGlobals) = postSolution
		SolutionGuid = {727AC480-BCFF-4421-B0B4-3992CAEB83C8}
	EndGlobalSection
EndGlobal
